
Microsoft Visual Studio Solution File, Format Version 12.00
# Visual Studio Version 16
VisualStudioVersion = 16.0.30611.23
MinimumVisualStudioVersion = 10.0.40219.1
Project("{FAE04EC0-301F-11D3-BF4B-00C04F79EFBC}") = "GraficasEstadisticas.UWP", "GraficasEstadisticas\GraficasEstadisticas.UWP\GraficasEstadisticas.UWP.csproj", "{EB67742B-5446-4241-BA0C-F7E4E43EA410}"
EndProject
Project("{FAE04EC0-301F-11D3-BF4B-00C04F79EFBC}") = "GraficasEstadisticas.Android", "GraficasEstadisticas\GraficasEstadisticas.Android\GraficasEstadisticas.Android.csproj", "{FFF529E7-A550-405C-A605-4D316DA4F0B0}"
EndProject
Project("{FAE04EC0-301F-11D3-BF4B-00C04F79EFBC}") = "GraficasEstadisticas.iOS", "GraficasEstadisticas\GraficasEstadisticas.iOS\GraficasEstadisticas.iOS.csproj", "{3293A917-BC62-4ACE-ABE1-4E4A59D24CBE}"
EndProject
Project("{FAE04EC0-301F-11D3-BF4B-00C04F79EFBC}") = "GraficasEstadisticas", "GraficasEstadisticas\GraficasEstadisticas\GraficasEstadisticas.csproj", "{9AA5761C-6952-490A-9168-BCD1711EEBD7}"
EndProject
Global
	GlobalSection(SolutionConfigurationPlatforms) = preSolution
		Debug|Any CPU = Debug|Any CPU
		Debug|ARM = Debug|ARM
		Debug|iPhone = Debug|iPhone
		Debug|iPhoneSimulator = Debug|iPhoneSimulator
		Debug|x64 = Debug|x64
		Debug|x86 = Debug|x86
		Release|Any CPU = Release|Any CPU
		Release|ARM = Release|ARM
		Release|iPhone = Release|iPhone
		Release|iPhoneSimulator = Release|iPhoneSimulator
		Release|x64 = Release|x64
		Release|x86 = Release|x86
	EndGlobalSection
	GlobalSection(ProjectConfigurationPlatforms) = postSolution
		{EB67742B-5446-4241-BA0C-F7E4E43EA410}.Debug|Any CPU.ActiveCfg = Debug|x86
		{EB67742B-5446-4241-BA0C-F7E4E43EA410}.Debug|Any CPU.Build.0 = Debug|x86
		{EB67742B-5446-4241-BA0C-F7E4E43EA410}.Debug|Any CPU.Deploy.0 = Debug|x86
		{EB67742B-5446-4241-BA0C-F7E4E43EA410}.Debug|ARM.ActiveCfg = Debug|ARM
		{EB67742B-5446-4241-BA0C-F7E4E43EA410}.Debug|ARM.Build.0 = Debug|ARM
		{EB67742B-5446-4241-BA0C-F7E4E43EA410}.Debug|ARM.Deploy.0 = Debug|ARM
		{EB67742B-5446-4241-BA0C-F7E4E43EA410}.Debug|iPhone.ActiveCfg = Debug|x86
		{EB67742B-5446-4241-BA0C-F7E4E43EA410}.Debug|iPhone.Build.0 = Debug|x86
		{EB67742B-5446-4241-BA0C-F7E4E43EA410}.Debug|iPhone.Deploy.0 = Debug|x86
		{EB67742B-5446-4241-BA0C-F7E4E43EA410}.Debug|iPhoneSimulator.ActiveCfg = Debug|x86
		{EB67742B-5446-4241-BA0C-F7E4E43EA410}.Debug|iPhoneSimulator.Build.0 = Debug|x86
		{EB67742B-5446-4241-BA0C-F7E4E43EA410}.Debug|iPhoneSimulator.Deploy.0 = Debug|x86
		{EB67742B-5446-4241-BA0C-F7E4E43EA410}.Debug|x64.ActiveCfg = Debug|x64
		{EB67742B-5446-4241-BA0C-F7E4E43EA410}.Debug|x64.Build.0 = Debug|x64
		{EB67742B-5446-4241-BA0C-F7E4E43EA410}.Debug|x64.Deploy.0 = Debug|x64
		{EB67742B-5446-4241-BA0C-F7E4E43EA410}.Debug|x86.ActiveCfg = Debug|x86
		{EB67742B-5446-4241-BA0C-F7E4E43EA410}.Debug|x86.Build.0 = Debug|x86
		{EB67742B-5446-4241-BA0C-F7E4E43EA410}.Debug|x86.Deploy.0 = Debug|x86
		{EB67742B-5446-4241-BA0C-F7E4E43EA410}.Release|Any CPU.ActiveCfg = Release|x86
		{EB67742B-5446-4241-BA0C-F7E4E43EA410}.Release|Any CPU.Build.0 = Release|x86
		{EB67742B-5446-4241-BA0C-F7E4E43EA410}.Release|Any CPU.Deploy.0 = Release|x86
		{EB67742B-5446-4241-BA0C-F7E4E43EA410}.Release|ARM.ActiveCfg = Release|ARM
		{EB67742B-5446-4241-BA0C-F7E4E43EA410}.Release|ARM.Build.0 = Release|ARM
		{EB67742B-5446-4241-BA0C-F7E4E43EA410}.Release|ARM.Deploy.0 = Release|ARM
		{EB67742B-5446-4241-BA0C-F7E4E43EA410}.Release|iPhone.ActiveCfg = Release|x86
		{EB67742B-5446-4241-BA0C-F7E4E43EA410}.Release|iPhone.Build.0 = Release|x86
		{EB67742B-5446-4241-BA0C-F7E4E43EA410}.Release|iPhone.Deploy.0 = Release|x86
		{EB67742B-5446-4241-BA0C-F7E4E43EA410}.Release|iPhoneSimulator.ActiveCfg = Release|x86
		{EB67742B-5446-4241-BA0C-F7E4E43EA410}.Release|iPhoneSimulator.Build.0 = Release|x86
		{EB67742B-5446-4241-BA0C-F7E4E43EA410}.Release|iPhoneSimulator.Deploy.0 = Release|x86
		{EB67742B-5446-4241-BA0C-F7E4E43EA410}.Release|x64.ActiveCfg = Release|x64
		{EB67742B-5446-4241-BA0C-F7E4E43EA410}.Release|x64.Build.0 = Release|x64
		{EB67742B-5446-4241-BA0C-F7E4E43EA410}.Release|x64.Deploy.0 = Release|x64
		{EB67742B-5446-4241-BA0C-F7E4E43EA410}.Release|x86.ActiveCfg = Release|x86
		{EB67742B-5446-4241-BA0C-F7E4E43EA410}.Release|x86.Build.0 = Release|x86
		{EB67742B-5446-4241-BA0C-F7E4E43EA410}.Release|x86.Deploy.0 = Release|x86
		{FFF529E7-A550-405C-A605-4D316DA4F0B0}.Debug|Any CPU.ActiveCfg = Debug|Any CPU
		{FFF529E7-A550-405C-A605-4D316DA4F0B0}.Debug|Any CPU.Build.0 = Debug|Any CPU
		{FFF529E7-A550-405C-A605-4D316DA4F0B0}.Debug|Any CPU.Deploy.0 = Debug|Any CPU
		{FFF529E7-A550-405C-A605-4D316DA4F0B0}.Debug|ARM.ActiveCfg = Debug|Any CPU
		{FFF529E7-A550-405C-A605-4D316DA4F0B0}.Debug|ARM.Build.0 = Debug|Any CPU
		{FFF529E7-A550-405C-A605-4D316DA4F0B0}.Debug|ARM.Deploy.0 = Debug|Any CPU
		{FFF529E7-A550-405C-A605-4D316DA4F0B0}.Debug|iPhone.ActiveCfg = Debug|Any CPU
		{FFF529E7-A550-405C-A605-4D316DA4F0B0}.Debug|iPhone.Build.0 = Debug|Any CPU
		{FFF529E7-A550-405C-A605-4D316DA4F0B0}.Debug|iPhone.Deploy.0 = Debug|Any CPU
		{FFF529E7-A550-405C-A605-4D316DA4F0B0}.Debug|iPhoneSimulator.ActiveCfg = Debug|Any CPU
		{FFF529E7-A550-405C-A605-4D316DA4F0B0}.Debug|iPhoneSimulator.Build.0 = Debug|Any CPU
		{FFF529E7-A550-405C-A605-4D316DA4F0B0}.Debug|iPhoneSimulator.Deploy.0 = Debug|Any CPU
		{FFF529E7-A550-405C-A605-4D316DA4F0B0}.Debug|x64.ActiveCfg = Debug|Any CPU
		{FFF529E7-A550-405C-A605-4D316DA4F0B0}.Debug|x64.Build.0 = Debug|Any CPU
		{FFF529E7-A550-405C-A605-4D316DA4F0B0}.Debug|x64.Deploy.0 = Debug|Any CPU
		{FFF529E7-A550-405C-A605-4D316DA4F0B0}.Debug|x86.ActiveCfg = Debug|Any CPU
		{FFF529E7-A550-405C-A605-4D316DA4F0B0}.Debug|x86.Build.0 = Debug|Any CPU
		{FFF529E7-A550-405C-A605-4D316DA4F0B0}.Debug|x86.Deploy.0 = Debug|Any CPU
		{FFF529E7-A550-405C-A605-4D316DA4F0B0}.Release|Any CPU.ActiveCfg = Release|Any CPU
		{FFF529E7-A550-405C-A605-4D316DA4F0B0}.Release|Any CPU.Build.0 = Release|Any CPU
		{FFF529E7-A550-405C-A605-4D316DA4F0B0}.Release|Any CPU.Deploy.0 = Release|Any CPU
		{FFF529E7-A550-405C-A605-4D316DA4F0B0}.Release|ARM.ActiveCfg = Release|Any CPU
		{FFF529E7-A550-405C-A605-4D316DA4F0B0}.Release|ARM.Build.0 = Release|Any CPU
		{FFF529E7-A550-405C-A605-4D316DA4F0B0}.Release|ARM.Deploy.0 = Release|Any CPU
		{FFF529E7-A550-405C-A605-4D316DA4F0B0}.Release|iPhone.ActiveCfg = Release|Any CPU
		{FFF529E7-A550-405C-A605-4D316DA4F0B0}.Release|iPhone.Build.0 = Release|Any CPU
		{FFF529E7-A550-405C-A605-4D316DA4F0B0}.Release|iPhone.Deploy.0 = Release|Any CPU
		{FFF529E7-A550-405C-A605-4D316DA4F0B0}.Release|iPhoneSimulator.ActiveCfg = Release|Any CPU
		{FFF529E7-A550-405C-A605-4D316DA4F0B0}.Release|iPhoneSimulator.Build.0 = Release|Any CPU
		{FFF529E7-A550-405C-A605-4D316DA4F0B0}.Release|iPhoneSimulator.Deploy.0 = Release|Any CPU
		{FFF529E7-A550-405C-A605-4D316DA4F0B0}.Release|x64.ActiveCfg = Release|Any CPU
		{FFF529E7-A550-405C-A605-4D316DA4F0B0}.Release|x64.Build.0 = Release|Any CPU
		{FFF529E7-A550-405C-A605-4D316DA4F0B0}.Release|x64.Deploy.0 = Release|Any CPU
		{FFF529E7-A550-405C-A605-4D316DA4F0B0}.Release|x86.ActiveCfg = Release|Any CPU
		{FFF529E7-A550-405C-A605-4D316DA4F0B0}.Release|x86.Build.0 = Release|Any CPU
		{FFF529E7-A550-405C-A605-4D316DA4F0B0}.Release|x86.Deploy.0 = Release|Any CPU
		{3293A917-BC62-4ACE-ABE1-4E4A59D24CBE}.Debug|Any CPU.ActiveCfg = Debug|iPhoneSimulator
		{3293A917-BC62-4ACE-ABE1-4E4A59D24CBE}.Debug|Any CPU.Build.0 = Debug|iPhoneSimulator
		{3293A917-BC62-4ACE-ABE1-4E4A59D24CBE}.Debug|Any CPU.Deploy.0 = Debug|iPhoneSimulator
		{3293A917-BC62-4ACE-ABE1-4E4A59D24CBE}.Debug|ARM.ActiveCfg = Debug|iPhone
		{3293A917-BC62-4ACE-ABE1-4E4A59D24CBE}.Debug|ARM.Build.0 = Debug|iPhone
		{3293A917-BC62-4ACE-ABE1-4E4A59D24CBE}.Debug|ARM.Deploy.0 = Debug|iPhone
		{3293A917-BC62-4ACE-ABE1-4E4A59D24CBE}.Debug|iPhone.ActiveCfg = Debug|iPhone
		{3293A917-BC62-4ACE-ABE1-4E4A59D24CBE}.Debug|iPhone.Build.0 = Debug|iPhone
		{3293A917-BC62-4ACE-ABE1-4E4A59D24CBE}.Debug|iPhone.Deploy.0 = Debug|iPhone
		{3293A917-BC62-4ACE-ABE1-4E4A59D24CBE}.Debug|iPhoneSimulator.ActiveCfg = Debug|iPhoneSimulator
		{3293A917-BC62-4ACE-ABE1-4E4A59D24CBE}.Debug|iPhoneSimulator.Build.0 = Debug|iPhoneSimulator
		{3293A917-BC62-4ACE-ABE1-4E4A59D24CBE}.Debug|iPhoneSimulator.Deploy.0 = Debug|iPhoneSimulator
		{3293A917-BC62-4ACE-ABE1-4E4A59D24CBE}.Debug|x64.ActiveCfg = Debug|iPhoneSimulator
		{3293A917-BC62-4ACE-ABE1-4E4A59D24CBE}.Debug|x64.Build.0 = Debug|iPhoneSimulator
		{3293A917-BC62-4ACE-ABE1-4E4A59D24CBE}.Debug|x64.Deploy.0 = Debug|iPhoneSimulator
		{3293A917-BC62-4ACE-ABE1-4E4A59D24CBE}.Debug|x86.ActiveCfg = Debug|iPhoneSimulator
		{3293A917-BC62-4ACE-ABE1-4E4A59D24CBE}.Debug|x86.Build.0 = Debug|iPhoneSimulator
		{3293A917-BC62-4ACE-ABE1-4E4A59D24CBE}.Debug|x86.Deploy.0 = Debug|iPhoneSimulator
		{3293A917-BC62-4ACE-ABE1-4E4A59D24CBE}.Release|Any CPU.ActiveCfg = Release|iPhoneSimulator
		{3293A917-BC62-4ACE-ABE1-4E4A59D24CBE}.Release|Any CPU.Build.0 = Release|iPhoneSimulator
		{3293A917-BC62-4ACE-ABE1-4E4A59D24CBE}.Release|Any CPU.Deploy.0 = Release|iPhoneSimulator
		{3293A917-BC62-4ACE-ABE1-4E4A59D24CBE}.Release|ARM.ActiveCfg = Release|iPhoneSimulator
		{3293A917-BC62-4ACE-ABE1-4E4A59D24CBE}.Release|ARM.Build.0 = Release|iPhoneSimulator
		{3293A917-BC62-4ACE-ABE1-4E4A59D24CBE}.Release|ARM.Deploy.0 = Release|iPhoneSimulator
		{3293A917-BC62-4ACE-ABE1-4E4A59D24CBE}.Release|iPhone.ActiveCfg = Release|iPhone
		{3293A917-BC62-4ACE-ABE1-4E4A59D24CBE}.Release|iPhone.Build.0 = Release|iPhone
		{3293A917-BC62-4ACE-ABE1-4E4A59D24CBE}.Release|iPhone.Deploy.0 = Release|iPhone
		{3293A917-BC62-4ACE-ABE1-4E4A59D24CBE}.Release|iPhoneSimulator.ActiveCfg = Release|iPhoneSimulator
		{3293A917-BC62-4ACE-ABE1-4E4A59D24CBE}.Release|iPhoneSimulator.Build.0 = Release|iPhoneSimulator
		{3293A917-BC62-4ACE-ABE1-4E4A59D24CBE}.Release|iPhoneSimulator.Deploy.0 = Release|iPhoneSimulator
		{3293A917-BC62-4ACE-ABE1-4E4A59D24CBE}.Release|x64.ActiveCfg = Release|iPhoneSimulator
		{3293A917-BC62-4ACE-ABE1-4E4A59D24CBE}.Release|x64.Build.0 = Release|iPhoneSimulator
		{3293A917-BC62-4ACE-ABE1-4E4A59D24CBE}.Release|x64.Deploy.0 = Release|iPhoneSimulator
		{3293A917-BC62-4ACE-ABE1-4E4A59D24CBE}.Release|x86.ActiveCfg = Release|iPhoneSimulator
		{3293A917-BC62-4ACE-ABE1-4E4A59D24CBE}.Release|x86.Build.0 = Release|iPhoneSimulator
		{3293A917-BC62-4ACE-ABE1-4E4A59D24CBE}.Release|x86.Deploy.0 = Release|iPhoneSimulator
		{9AA5761C-6952-490A-9168-BCD1711EEBD7}.Debug|Any CPU.ActiveCfg = Debug|Any CPU
		{9AA5761C-6952-490A-9168-BCD1711EEBD7}.Debug|Any CPU.Build.0 = Debug|Any CPU
		{9AA5761C-6952-490A-9168-BCD1711EEBD7}.Debug|Any CPU.Deploy.0 = Debug|Any CPU
		{9AA5761C-6952-490A-9168-BCD1711EEBD7}.Debug|ARM.ActiveCfg = Debug|Any CPU
		{9AA5761C-6952-490A-9168-BCD1711EEBD7}.Debug|ARM.Build.0 = Debug|Any CPU
		{9AA5761C-6952-490A-9168-BCD1711EEBD7}.Debug|ARM.Deploy.0 = Debug|Any CPU
		{9AA5761C-6952-490A-9168-BCD1711EEBD7}.Debug|iPhone.ActiveCfg = Debug|Any CPU
		{9AA5761C-6952-490A-9168-BCD1711EEBD7}.Debug|iPhone.Build.0 = Debug|Any CPU
		{9AA5761C-6952-490A-9168-BCD1711EEBD7}.Debug|iPhone.Deploy.0 = Debug|Any CPU
		{9AA5761C-6952-490A-9168-BCD1711EEBD7}.Debug|iPhoneSimulator.ActiveCfg = Debug|Any CPU
		{9AA5761C-6952-490A-9168-BCD1711EEBD7}.Debug|iPhoneSimulator.Build.0 = Debug|Any CPU
		{9AA5761C-6952-490A-9168-BCD1711EEBD7}.Debug|iPhoneSimulator.Deploy.0 = Debug|Any CPU
		{9AA5761C-6952-490A-9168-BCD1711EEBD7}.Debug|x64.ActiveCfg = Debug|Any CPU
		{9AA5761C-6952-490A-9168-BCD1711EEBD7}.Debug|x64.Build.0 = Debug|Any CPU
		{9AA5761C-6952-490A-9168-BCD1711EEBD7}.Debug|x64.Deploy.0 = Debug|Any CPU
		{9AA5761C-6952-490A-9168-BCD1711EEBD7}.Debug|x86.ActiveCfg = Debug|Any CPU
		{9AA5761C-6952-490A-9168-BCD1711EEBD7}.Debug|x86.Build.0 = Debug|Any CPU
		{9AA5761C-6952-490A-9168-BCD1711EEBD7}.Debug|x86.Deploy.0 = Debug|Any CPU
		{9AA5761C-6952-490A-9168-BCD1711EEBD7}.Release|Any CPU.ActiveCfg = Release|Any CPU
		{9AA5761C-6952-490A-9168-BCD1711EEBD7}.Release|Any CPU.Build.0 = Release|Any CPU
		{9AA5761C-6952-490A-9168-BCD1711EEBD7}.Release|Any CPU.Deploy.0 = Release|Any CPU
		{9AA5761C-6952-490A-9168-BCD1711EEBD7}.Release|ARM.ActiveCfg = Release|Any CPU
		{9AA5761C-6952-490A-9168-BCD1711EEBD7}.Release|ARM.Build.0 = Release|Any CPU
		{9AA5761C-6952-490A-9168-BCD1711EEBD7}.Release|ARM.Deploy.0 = Release|Any CPU
		{9AA5761C-6952-490A-9168-BCD1711EEBD7}.Release|iPhone.ActiveCfg = Release|Any CPU
		{9AA5761C-6952-490A-9168-BCD1711EEBD7}.Release|iPhone.Build.0 = Release|Any CPU
		{9AA5761C-6952-490A-9168-BCD1711EEBD7}.Release|iPhone.Deploy.0 = Release|Any CPU
		{9AA5761C-6952-490A-9168-BCD1711EEBD7}.Release|iPhoneSimulator.ActiveCfg = Release|Any CPU
		{9AA5761C-6952-490A-9168-BCD1711EEBD7}.Release|iPhoneSimulator.Build.0 = Release|Any CPU
		{9AA5761C-6952-490A-9168-BCD1711EEBD7}.Release|iPhoneSimulator.Deploy.0 = Release|Any CPU
		{9AA5761C-6952-490A-9168-BCD1711EEBD7}.Release|x64.ActiveCfg = Release|Any CPU
		{9AA5761C-6952-490A-9168-BCD1711EEBD7}.Release|x64.Build.0 = Release|Any CPU
		{9AA5761C-6952-490A-9168-BCD1711EEBD7}.Release|x64.Deploy.0 = Release|Any CPU
		{9AA5761C-6952-490A-9168-BCD1711EEBD7}.Release|x86.ActiveCfg = Release|Any CPU
		{9AA5761C-6952-490A-9168-BCD1711EEBD7}.Release|x86.Build.0 = Release|Any CPU
		{9AA5761C-6952-490A-9168-BCD1711EEBD7}.Release|x86.Deploy.0 = Release|Any CPU
	EndGlobalSection
	GlobalSection(SolutionProperties) = preSolution
		HideSolutionNode = FALSE
	EndGlobalSection
	GlobalSection(ExtensibilityGlobals) = postSolution
		SolutionGuid = {7968DAF8-E420-41D0-8F59-DF2E2325811D}
	EndGlobalSection
EndGlobal
