
Microsoft Visual Studio Solution File, Format Version 12.00
# Visual Studio Version 16
VisualStudioVersion = 16.0.30611.23
MinimumVisualStudioVersion = 10.0.40219.1
Project("{FAE04EC0-301F-11D3-BF4B-00C04F79EFBC}") = "CalculadoraRadioButtons.UWP", "CalculadoraRadioButtons\CalculadoraRadioButtons.UWP\CalculadoraRadioButtons.UWP.csproj", "{474C4C31-E888-4BB2-91F6-77910475F16A}"
EndProject
Project("{FAE04EC0-301F-11D3-BF4B-00C04F79EFBC}") = "CalculadoraRadioButtons.Android", "CalculadoraRadioButtons\CalculadoraRadioButtons.Android\CalculadoraRadioButtons.Android.csproj", "{710E6EBF-3986-486B-BDF8-C35FDD989E38}"
EndProject
Project("{FAE04EC0-301F-11D3-BF4B-00C04F79EFBC}") = "CalculadoraRadioButtons.iOS", "CalculadoraRadioButtons\CalculadoraRadioButtons.iOS\CalculadoraRadioButtons.iOS.csproj", "{AB95C924-A63F-4D49-83F4-65A9D0B04B58}"
EndProject
Project("{FAE04EC0-301F-11D3-BF4B-00C04F79EFBC}") = "CalculadoraRadioButtons", "CalculadoraRadioButtons\CalculadoraRadioButtons\CalculadoraRadioButtons.csproj", "{5B6EC16E-DFE7-4A38-8548-BFA494AB48AE}"
EndProject
Global
	GlobalSection(SolutionConfigurationPlatforms) = preSolution
		Debug|Any CPU = Debug|Any CPU
		Debug|ARM = Debug|ARM
		Debug|iPhone = Debug|iPhone
		Debug|iPhoneSimulator = Debug|iPhoneSimulator
		Debug|x64 = Debug|x64
		Debug|x86 = Debug|x86
		Release|Any CPU = Release|Any CPU
		Release|ARM = Release|ARM
		Release|iPhone = Release|iPhone
		Release|iPhoneSimulator = Release|iPhoneSimulator
		Release|x64 = Release|x64
		Release|x86 = Release|x86
	EndGlobalSection
	GlobalSection(ProjectConfigurationPlatforms) = postSolution
		{474C4C31-E888-4BB2-91F6-77910475F16A}.Debug|Any CPU.ActiveCfg = Debug|x86
		{474C4C31-E888-4BB2-91F6-77910475F16A}.Debug|Any CPU.Build.0 = Debug|x86
		{474C4C31-E888-4BB2-91F6-77910475F16A}.Debug|Any CPU.Deploy.0 = Debug|x86
		{474C4C31-E888-4BB2-91F6-77910475F16A}.Debug|ARM.ActiveCfg = Debug|ARM
		{474C4C31-E888-4BB2-91F6-77910475F16A}.Debug|ARM.Build.0 = Debug|ARM
		{474C4C31-E888-4BB2-91F6-77910475F16A}.Debug|ARM.Deploy.0 = Debug|ARM
		{474C4C31-E888-4BB2-91F6-77910475F16A}.Debug|iPhone.ActiveCfg = Debug|x86
		{474C4C31-E888-4BB2-91F6-77910475F16A}.Debug|iPhone.Build.0 = Debug|x86
		{474C4C31-E888-4BB2-91F6-77910475F16A}.Debug|iPhone.Deploy.0 = Debug|x86
		{474C4C31-E888-4BB2-91F6-77910475F16A}.Debug|iPhoneSimulator.ActiveCfg = Debug|x86
		{474C4C31-E888-4BB2-91F6-77910475F16A}.Debug|iPhoneSimulator.Build.0 = Debug|x86
		{474C4C31-E888-4BB2-91F6-77910475F16A}.Debug|iPhoneSimulator.Deploy.0 = Debug|x86
		{474C4C31-E888-4BB2-91F6-77910475F16A}.Debug|x64.ActiveCfg = Debug|x64
		{474C4C31-E888-4BB2-91F6-77910475F16A}.Debug|x64.Build.0 = Debug|x64
		{474C4C31-E888-4BB2-91F6-77910475F16A}.Debug|x64.Deploy.0 = Debug|x64
		{474C4C31-E888-4BB2-91F6-77910475F16A}.Debug|x86.ActiveCfg = Debug|x86
		{474C4C31-E888-4BB2-91F6-77910475F16A}.Debug|x86.Build.0 = Debug|x86
		{474C4C31-E888-4BB2-91F6-77910475F16A}.Debug|x86.Deploy.0 = Debug|x86
		{474C4C31-E888-4BB2-91F6-77910475F16A}.Release|Any CPU.ActiveCfg = Release|x86
		{474C4C31-E888-4BB2-91F6-77910475F16A}.Release|Any CPU.Build.0 = Release|x86
		{474C4C31-E888-4BB2-91F6-77910475F16A}.Release|Any CPU.Deploy.0 = Release|x86
		{474C4C31-E888-4BB2-91F6-77910475F16A}.Release|ARM.ActiveCfg = Release|ARM
		{474C4C31-E888-4BB2-91F6-77910475F16A}.Release|ARM.Build.0 = Release|ARM
		{474C4C31-E888-4BB2-91F6-77910475F16A}.Release|ARM.Deploy.0 = Release|ARM
		{474C4C31-E888-4BB2-91F6-77910475F16A}.Release|iPhone.ActiveCfg = Release|x86
		{474C4C31-E888-4BB2-91F6-77910475F16A}.Release|iPhone.Build.0 = Release|x86
		{474C4C31-E888-4BB2-91F6-77910475F16A}.Release|iPhone.Deploy.0 = Release|x86
		{474C4C31-E888-4BB2-91F6-77910475F16A}.Release|iPhoneSimulator.ActiveCfg = Release|x86
		{474C4C31-E888-4BB2-91F6-77910475F16A}.Release|iPhoneSimulator.Build.0 = Release|x86
		{474C4C31-E888-4BB2-91F6-77910475F16A}.Release|iPhoneSimulator.Deploy.0 = Release|x86
		{474C4C31-E888-4BB2-91F6-77910475F16A}.Release|x64.ActiveCfg = Release|x64
		{474C4C31-E888-4BB2-91F6-77910475F16A}.Release|x64.Build.0 = Release|x64
		{474C4C31-E888-4BB2-91F6-77910475F16A}.Release|x64.Deploy.0 = Release|x64
		{474C4C31-E888-4BB2-91F6-77910475F16A}.Release|x86.ActiveCfg = Release|x86
		{474C4C31-E888-4BB2-91F6-77910475F16A}.Release|x86.Build.0 = Release|x86
		{474C4C31-E888-4BB2-91F6-77910475F16A}.Release|x86.Deploy.0 = Release|x86
		{710E6EBF-3986-486B-BDF8-C35FDD989E38}.Debug|Any CPU.ActiveCfg = Debug|Any CPU
		{710E6EBF-3986-486B-BDF8-C35FDD989E38}.Debug|Any CPU.Build.0 = Debug|Any CPU
		{710E6EBF-3986-486B-BDF8-C35FDD989E38}.Debug|Any CPU.Deploy.0 = Debug|Any CPU
		{710E6EBF-3986-486B-BDF8-C35FDD989E38}.Debug|ARM.ActiveCfg = Debug|Any CPU
		{710E6EBF-3986-486B-BDF8-C35FDD989E38}.Debug|ARM.Build.0 = Debug|Any CPU
		{710E6EBF-3986-486B-BDF8-C35FDD989E38}.Debug|ARM.Deploy.0 = Debug|Any CPU
		{710E6EBF-3986-486B-BDF8-C35FDD989E38}.Debug|iPhone.ActiveCfg = Debug|Any CPU
		{710E6EBF-3986-486B-BDF8-C35FDD989E38}.Debug|iPhone.Build.0 = Debug|Any CPU
		{710E6EBF-3986-486B-BDF8-C35FDD989E38}.Debug|iPhone.Deploy.0 = Debug|Any CPU
		{710E6EBF-3986-486B-BDF8-C35FDD989E38}.Debug|iPhoneSimulator.ActiveCfg = Debug|Any CPU
		{710E6EBF-3986-486B-BDF8-C35FDD989E38}.Debug|iPhoneSimulator.Build.0 = Debug|Any CPU
		{710E6EBF-3986-486B-BDF8-C35FDD989E38}.Debug|iPhoneSimulator.Deploy.0 = Debug|Any CPU
		{710E6EBF-3986-486B-BDF8-C35FDD989E38}.Debug|x64.ActiveCfg = Debug|Any CPU
		{710E6EBF-3986-486B-BDF8-C35FDD989E38}.Debug|x64.Build.0 = Debug|Any CPU
		{710E6EBF-3986-486B-BDF8-C35FDD989E38}.Debug|x64.Deploy.0 = Debug|Any CPU
		{710E6EBF-3986-486B-BDF8-C35FDD989E38}.Debug|x86.ActiveCfg = Debug|Any CPU
		{710E6EBF-3986-486B-BDF8-C35FDD989E38}.Debug|x86.Build.0 = Debug|Any CPU
		{710E6EBF-3986-486B-BDF8-C35FDD989E38}.Debug|x86.Deploy.0 = Debug|Any CPU
		{710E6EBF-3986-486B-BDF8-C35FDD989E38}.Release|Any CPU.ActiveCfg = Release|Any CPU
		{710E6EBF-3986-486B-BDF8-C35FDD989E38}.Release|Any CPU.Build.0 = Release|Any CPU
		{710E6EBF-3986-486B-BDF8-C35FDD989E38}.Release|Any CPU.Deploy.0 = Release|Any CPU
		{710E6EBF-3986-486B-BDF8-C35FDD989E38}.Release|ARM.ActiveCfg = Release|Any CPU
		{710E6EBF-3986-486B-BDF8-C35FDD989E38}.Release|ARM.Build.0 = Release|Any CPU
		{710E6EBF-3986-486B-BDF8-C35FDD989E38}.Release|ARM.Deploy.0 = Release|Any CPU
		{710E6EBF-3986-486B-BDF8-C35FDD989E38}.Release|iPhone.ActiveCfg = Release|Any CPU
		{710E6EBF-3986-486B-BDF8-C35FDD989E38}.Release|iPhone.Build.0 = Release|Any CPU
		{710E6EBF-3986-486B-BDF8-C35FDD989E38}.Release|iPhone.Deploy.0 = Release|Any CPU
		{710E6EBF-3986-486B-BDF8-C35FDD989E38}.Release|iPhoneSimulator.ActiveCfg = Release|Any CPU
		{710E6EBF-3986-486B-BDF8-C35FDD989E38}.Release|iPhoneSimulator.Build.0 = Release|Any CPU
		{710E6EBF-3986-486B-BDF8-C35FDD989E38}.Release|iPhoneSimulator.Deploy.0 = Release|Any CPU
		{710E6EBF-3986-486B-BDF8-C35FDD989E38}.Release|x64.ActiveCfg = Release|Any CPU
		{710E6EBF-3986-486B-BDF8-C35FDD989E38}.Release|x64.Build.0 = Release|Any CPU
		{710E6EBF-3986-486B-BDF8-C35FDD989E38}.Release|x64.Deploy.0 = Release|Any CPU
		{710E6EBF-3986-486B-BDF8-C35FDD989E38}.Release|x86.ActiveCfg = Release|Any CPU
		{710E6EBF-3986-486B-BDF8-C35FDD989E38}.Release|x86.Build.0 = Release|Any CPU
		{710E6EBF-3986-486B-BDF8-C35FDD989E38}.Release|x86.Deploy.0 = Release|Any CPU
		{AB95C924-A63F-4D49-83F4-65A9D0B04B58}.Debug|Any CPU.ActiveCfg = Debug|iPhoneSimulator
		{AB95C924-A63F-4D49-83F4-65A9D0B04B58}.Debug|Any CPU.Build.0 = Debug|iPhoneSimulator
		{AB95C924-A63F-4D49-83F4-65A9D0B04B58}.Debug|Any CPU.Deploy.0 = Debug|iPhoneSimulator
		{AB95C924-A63F-4D49-83F4-65A9D0B04B58}.Debug|ARM.ActiveCfg = Debug|iPhone
		{AB95C924-A63F-4D49-83F4-65A9D0B04B58}.Debug|ARM.Build.0 = Debug|iPhone
		{AB95C924-A63F-4D49-83F4-65A9D0B04B58}.Debug|ARM.Deploy.0 = Debug|iPhone
		{AB95C924-A63F-4D49-83F4-65A9D0B04B58}.Debug|iPhone.ActiveCfg = Debug|iPhone
		{AB95C924-A63F-4D49-83F4-65A9D0B04B58}.Debug|iPhone.Build.0 = Debug|iPhone
		{AB95C924-A63F-4D49-83F4-65A9D0B04B58}.Debug|iPhone.Deploy.0 = Debug|iPhone
		{AB95C924-A63F-4D49-83F4-65A9D0B04B58}.Debug|iPhoneSimulator.ActiveCfg = Debug|iPhoneSimulator
		{AB95C924-A63F-4D49-83F4-65A9D0B04B58}.Debug|iPhoneSimulator.Build.0 = Debug|iPhoneSimulator
		{AB95C924-A63F-4D49-83F4-65A9D0B04B58}.Debug|iPhoneSimulator.Deploy.0 = Debug|iPhoneSimulator
		{AB95C924-A63F-4D49-83F4-65A9D0B04B58}.Debug|x64.ActiveCfg = Debug|iPhoneSimulator
		{AB95C924-A63F-4D49-83F4-65A9D0B04B58}.Debug|x64.Build.0 = Debug|iPhoneSimulator
		{AB95C924-A63F-4D49-83F4-65A9D0B04B58}.Debug|x64.Deploy.0 = Debug|iPhoneSimulator
		{AB95C924-A63F-4D49-83F4-65A9D0B04B58}.Debug|x86.ActiveCfg = Debug|iPhoneSimulator
		{AB95C924-A63F-4D49-83F4-65A9D0B04B58}.Debug|x86.Build.0 = Debug|iPhoneSimulator
		{AB95C924-A63F-4D49-83F4-65A9D0B04B58}.Debug|x86.Deploy.0 = Debug|iPhoneSimulator
		{AB95C924-A63F-4D49-83F4-65A9D0B04B58}.Release|Any CPU.ActiveCfg = Release|iPhoneSimulator
		{AB95C924-A63F-4D49-83F4-65A9D0B04B58}.Release|Any CPU.Build.0 = Release|iPhoneSimulator
		{AB95C924-A63F-4D49-83F4-65A9D0B04B58}.Release|Any CPU.Deploy.0 = Release|iPhoneSimulator
		{AB95C924-A63F-4D49-83F4-65A9D0B04B58}.Release|ARM.ActiveCfg = Release|iPhoneSimulator
		{AB95C924-A63F-4D49-83F4-65A9D0B04B58}.Release|ARM.Build.0 = Release|iPhoneSimulator
		{AB95C924-A63F-4D49-83F4-65A9D0B04B58}.Release|ARM.Deploy.0 = Release|iPhoneSimulator
		{AB95C924-A63F-4D49-83F4-65A9D0B04B58}.Release|iPhone.ActiveCfg = Release|iPhone
		{AB95C924-A63F-4D49-83F4-65A9D0B04B58}.Release|iPhone.Build.0 = Release|iPhone
		{AB95C924-A63F-4D49-83F4-65A9D0B04B58}.Release|iPhone.Deploy.0 = Release|iPhone
		{AB95C924-A63F-4D49-83F4-65A9D0B04B58}.Release|iPhoneSimulator.ActiveCfg = Release|iPhoneSimulator
		{AB95C924-A63F-4D49-83F4-65A9D0B04B58}.Release|iPhoneSimulator.Build.0 = Release|iPhoneSimulator
		{AB95C924-A63F-4D49-83F4-65A9D0B04B58}.Release|iPhoneSimulator.Deploy.0 = Release|iPhoneSimulator
		{AB95C924-A63F-4D49-83F4-65A9D0B04B58}.Release|x64.ActiveCfg = Release|iPhoneSimulator
		{AB95C924-A63F-4D49-83F4-65A9D0B04B58}.Release|x64.Build.0 = Release|iPhoneSimulator
		{AB95C924-A63F-4D49-83F4-65A9D0B04B58}.Release|x64.Deploy.0 = Release|iPhoneSimulator
		{AB95C924-A63F-4D49-83F4-65A9D0B04B58}.Release|x86.ActiveCfg = Release|iPhoneSimulator
		{AB95C924-A63F-4D49-83F4-65A9D0B04B58}.Release|x86.Build.0 = Release|iPhoneSimulator
		{AB95C924-A63F-4D49-83F4-65A9D0B04B58}.Release|x86.Deploy.0 = Release|iPhoneSimulator
		{5B6EC16E-DFE7-4A38-8548-BFA494AB48AE}.Debug|Any CPU.ActiveCfg = Debug|Any CPU
		{5B6EC16E-DFE7-4A38-8548-BFA494AB48AE}.Debug|Any CPU.Build.0 = Debug|Any CPU
		{5B6EC16E-DFE7-4A38-8548-BFA494AB48AE}.Debug|Any CPU.Deploy.0 = Debug|Any CPU
		{5B6EC16E-DFE7-4A38-8548-BFA494AB48AE}.Debug|ARM.ActiveCfg = Debug|Any CPU
		{5B6EC16E-DFE7-4A38-8548-BFA494AB48AE}.Debug|ARM.Build.0 = Debug|Any CPU
		{5B6EC16E-DFE7-4A38-8548-BFA494AB48AE}.Debug|ARM.Deploy.0 = Debug|Any CPU
		{5B6EC16E-DFE7-4A38-8548-BFA494AB48AE}.Debug|iPhone.ActiveCfg = Debug|Any CPU
		{5B6EC16E-DFE7-4A38-8548-BFA494AB48AE}.Debug|iPhone.Build.0 = Debug|Any CPU
		{5B6EC16E-DFE7-4A38-8548-BFA494AB48AE}.Debug|iPhone.Deploy.0 = Debug|Any CPU
		{5B6EC16E-DFE7-4A38-8548-BFA494AB48AE}.Debug|iPhoneSimulator.ActiveCfg = Debug|Any CPU
		{5B6EC16E-DFE7-4A38-8548-BFA494AB48AE}.Debug|iPhoneSimulator.Build.0 = Debug|Any CPU
		{5B6EC16E-DFE7-4A38-8548-BFA494AB48AE}.Debug|iPhoneSimulator.Deploy.0 = Debug|Any CPU
		{5B6EC16E-DFE7-4A38-8548-BFA494AB48AE}.Debug|x64.ActiveCfg = Debug|Any CPU
		{5B6EC16E-DFE7-4A38-8548-BFA494AB48AE}.Debug|x64.Build.0 = Debug|Any CPU
		{5B6EC16E-DFE7-4A38-8548-BFA494AB48AE}.Debug|x64.Deploy.0 = Debug|Any CPU
		{5B6EC16E-DFE7-4A38-8548-BFA494AB48AE}.Debug|x86.ActiveCfg = Debug|Any CPU
		{5B6EC16E-DFE7-4A38-8548-BFA494AB48AE}.Debug|x86.Build.0 = Debug|Any CPU
		{5B6EC16E-DFE7-4A38-8548-BFA494AB48AE}.Debug|x86.Deploy.0 = Debug|Any CPU
		{5B6EC16E-DFE7-4A38-8548-BFA494AB48AE}.Release|Any CPU.ActiveCfg = Release|Any CPU
		{5B6EC16E-DFE7-4A38-8548-BFA494AB48AE}.Release|Any CPU.Build.0 = Release|Any CPU
		{5B6EC16E-DFE7-4A38-8548-BFA494AB48AE}.Release|Any CPU.Deploy.0 = Release|Any CPU
		{5B6EC16E-DFE7-4A38-8548-BFA494AB48AE}.Release|ARM.ActiveCfg = Release|Any CPU
		{5B6EC16E-DFE7-4A38-8548-BFA494AB48AE}.Release|ARM.Build.0 = Release|Any CPU
		{5B6EC16E-DFE7-4A38-8548-BFA494AB48AE}.Release|ARM.Deploy.0 = Release|Any CPU
		{5B6EC16E-DFE7-4A38-8548-BFA494AB48AE}.Release|iPhone.ActiveCfg = Release|Any CPU
		{5B6EC16E-DFE7-4A38-8548-BFA494AB48AE}.Release|iPhone.Build.0 = Release|Any CPU
		{5B6EC16E-DFE7-4A38-8548-BFA494AB48AE}.Release|iPhone.Deploy.0 = Release|Any CPU
		{5B6EC16E-DFE7-4A38-8548-BFA494AB48AE}.Release|iPhoneSimulator.ActiveCfg = Release|Any CPU
		{5B6EC16E-DFE7-4A38-8548-BFA494AB48AE}.Release|iPhoneSimulator.Build.0 = Release|Any CPU
		{5B6EC16E-DFE7-4A38-8548-BFA494AB48AE}.Release|iPhoneSimulator.Deploy.0 = Release|Any CPU
		{5B6EC16E-DFE7-4A38-8548-BFA494AB48AE}.Release|x64.ActiveCfg = Release|Any CPU
		{5B6EC16E-DFE7-4A38-8548-BFA494AB48AE}.Release|x64.Build.0 = Release|Any CPU
		{5B6EC16E-DFE7-4A38-8548-BFA494AB48AE}.Release|x64.Deploy.0 = Release|Any CPU
		{5B6EC16E-DFE7-4A38-8548-BFA494AB48AE}.Release|x86.ActiveCfg = Release|Any CPU
		{5B6EC16E-DFE7-4A38-8548-BFA494AB48AE}.Release|x86.Build.0 = Release|Any CPU
		{5B6EC16E-DFE7-4A38-8548-BFA494AB48AE}.Release|x86.Deploy.0 = Release|Any CPU
	EndGlobalSection
	GlobalSection(SolutionProperties) = preSolution
		HideSolutionNode = FALSE
	EndGlobalSection
	GlobalSection(ExtensibilityGlobals) = postSolution
		SolutionGuid = {C3F99601-4031-4FF6-85D6-EDDEBDE4805C}
	EndGlobalSection
EndGlobal
