
Microsoft Visual Studio Solution File, Format Version 12.00
# Visual Studio Version 16
VisualStudioVersion = 16.0.30611.23
MinimumVisualStudioVersion = 10.0.40219.1
Project("{FAE04EC0-301F-11D3-BF4B-00C04F79EFBC}") = "CalculadoraCheckBox.UWP", "CalculadoraCheckBox\CalculadoraCheckBox.UWP\CalculadoraCheckBox.UWP.csproj", "{02C96540-E5C3-4585-A3D8-9C75DE976F01}"
EndProject
Project("{FAE04EC0-301F-11D3-BF4B-00C04F79EFBC}") = "CalculadoraCheckBox.Android", "CalculadoraCheckBox\CalculadoraCheckBox.Android\CalculadoraCheckBox.Android.csproj", "{290B3DE1-AEE0-4794-ADBD-C4B3C1B7B5EB}"
EndProject
Project("{FAE04EC0-301F-11D3-BF4B-00C04F79EFBC}") = "CalculadoraCheckBox.iOS", "CalculadoraCheckBox\CalculadoraCheckBox.iOS\CalculadoraCheckBox.iOS.csproj", "{5D34C6BE-9100-4E82-B3D9-7F05704084EA}"
EndProject
Project("{FAE04EC0-301F-11D3-BF4B-00C04F79EFBC}") = "CalculadoraCheckBox", "CalculadoraCheckBox\CalculadoraCheckBox\CalculadoraCheckBox.csproj", "{BF649C04-657E-4061-A8CA-B66D749D892F}"
EndProject
Global
	GlobalSection(SolutionConfigurationPlatforms) = preSolution
		Debug|Any CPU = Debug|Any CPU
		Debug|ARM = Debug|ARM
		Debug|iPhone = Debug|iPhone
		Debug|iPhoneSimulator = Debug|iPhoneSimulator
		Debug|x64 = Debug|x64
		Debug|x86 = Debug|x86
		Release|Any CPU = Release|Any CPU
		Release|ARM = Release|ARM
		Release|iPhone = Release|iPhone
		Release|iPhoneSimulator = Release|iPhoneSimulator
		Release|x64 = Release|x64
		Release|x86 = Release|x86
	EndGlobalSection
	GlobalSection(ProjectConfigurationPlatforms) = postSolution
		{02C96540-E5C3-4585-A3D8-9C75DE976F01}.Debug|Any CPU.ActiveCfg = Debug|x86
		{02C96540-E5C3-4585-A3D8-9C75DE976F01}.Debug|Any CPU.Build.0 = Debug|x86
		{02C96540-E5C3-4585-A3D8-9C75DE976F01}.Debug|Any CPU.Deploy.0 = Debug|x86
		{02C96540-E5C3-4585-A3D8-9C75DE976F01}.Debug|ARM.ActiveCfg = Debug|ARM
		{02C96540-E5C3-4585-A3D8-9C75DE976F01}.Debug|ARM.Build.0 = Debug|ARM
		{02C96540-E5C3-4585-A3D8-9C75DE976F01}.Debug|ARM.Deploy.0 = Debug|ARM
		{02C96540-E5C3-4585-A3D8-9C75DE976F01}.Debug|iPhone.ActiveCfg = Debug|x86
		{02C96540-E5C3-4585-A3D8-9C75DE976F01}.Debug|iPhone.Build.0 = Debug|x86
		{02C96540-E5C3-4585-A3D8-9C75DE976F01}.Debug|iPhone.Deploy.0 = Debug|x86
		{02C96540-E5C3-4585-A3D8-9C75DE976F01}.Debug|iPhoneSimulator.ActiveCfg = Debug|x86
		{02C96540-E5C3-4585-A3D8-9C75DE976F01}.Debug|iPhoneSimulator.Build.0 = Debug|x86
		{02C96540-E5C3-4585-A3D8-9C75DE976F01}.Debug|iPhoneSimulator.Deploy.0 = Debug|x86
		{02C96540-E5C3-4585-A3D8-9C75DE976F01}.Debug|x64.ActiveCfg = Debug|x64
		{02C96540-E5C3-4585-A3D8-9C75DE976F01}.Debug|x64.Build.0 = Debug|x64
		{02C96540-E5C3-4585-A3D8-9C75DE976F01}.Debug|x64.Deploy.0 = Debug|x64
		{02C96540-E5C3-4585-A3D8-9C75DE976F01}.Debug|x86.ActiveCfg = Debug|x86
		{02C96540-E5C3-4585-A3D8-9C75DE976F01}.Debug|x86.Build.0 = Debug|x86
		{02C96540-E5C3-4585-A3D8-9C75DE976F01}.Debug|x86.Deploy.0 = Debug|x86
		{02C96540-E5C3-4585-A3D8-9C75DE976F01}.Release|Any CPU.ActiveCfg = Release|x86
		{02C96540-E5C3-4585-A3D8-9C75DE976F01}.Release|Any CPU.Build.0 = Release|x86
		{02C96540-E5C3-4585-A3D8-9C75DE976F01}.Release|Any CPU.Deploy.0 = Release|x86
		{02C96540-E5C3-4585-A3D8-9C75DE976F01}.Release|ARM.ActiveCfg = Release|ARM
		{02C96540-E5C3-4585-A3D8-9C75DE976F01}.Release|ARM.Build.0 = Release|ARM
		{02C96540-E5C3-4585-A3D8-9C75DE976F01}.Release|ARM.Deploy.0 = Release|ARM
		{02C96540-E5C3-4585-A3D8-9C75DE976F01}.Release|iPhone.ActiveCfg = Release|x86
		{02C96540-E5C3-4585-A3D8-9C75DE976F01}.Release|iPhone.Build.0 = Release|x86
		{02C96540-E5C3-4585-A3D8-9C75DE976F01}.Release|iPhone.Deploy.0 = Release|x86
		{02C96540-E5C3-4585-A3D8-9C75DE976F01}.Release|iPhoneSimulator.ActiveCfg = Release|x86
		{02C96540-E5C3-4585-A3D8-9C75DE976F01}.Release|iPhoneSimulator.Build.0 = Release|x86
		{02C96540-E5C3-4585-A3D8-9C75DE976F01}.Release|iPhoneSimulator.Deploy.0 = Release|x86
		{02C96540-E5C3-4585-A3D8-9C75DE976F01}.Release|x64.ActiveCfg = Release|x64
		{02C96540-E5C3-4585-A3D8-9C75DE976F01}.Release|x64.Build.0 = Release|x64
		{02C96540-E5C3-4585-A3D8-9C75DE976F01}.Release|x64.Deploy.0 = Release|x64
		{02C96540-E5C3-4585-A3D8-9C75DE976F01}.Release|x86.ActiveCfg = Release|x86
		{02C96540-E5C3-4585-A3D8-9C75DE976F01}.Release|x86.Build.0 = Release|x86
		{02C96540-E5C3-4585-A3D8-9C75DE976F01}.Release|x86.Deploy.0 = Release|x86
		{290B3DE1-AEE0-4794-ADBD-C4B3C1B7B5EB}.Debug|Any CPU.ActiveCfg = Debug|Any CPU
		{290B3DE1-AEE0-4794-ADBD-C4B3C1B7B5EB}.Debug|Any CPU.Build.0 = Debug|Any CPU
		{290B3DE1-AEE0-4794-ADBD-C4B3C1B7B5EB}.Debug|Any CPU.Deploy.0 = Debug|Any CPU
		{290B3DE1-AEE0-4794-ADBD-C4B3C1B7B5EB}.Debug|ARM.ActiveCfg = Debug|Any CPU
		{290B3DE1-AEE0-4794-ADBD-C4B3C1B7B5EB}.Debug|ARM.Build.0 = Debug|Any CPU
		{290B3DE1-AEE0-4794-ADBD-C4B3C1B7B5EB}.Debug|ARM.Deploy.0 = Debug|Any CPU
		{290B3DE1-AEE0-4794-ADBD-C4B3C1B7B5EB}.Debug|iPhone.ActiveCfg = Debug|Any CPU
		{290B3DE1-AEE0-4794-ADBD-C4B3C1B7B5EB}.Debug|iPhone.Build.0 = Debug|Any CPU
		{290B3DE1-AEE0-4794-ADBD-C4B3C1B7B5EB}.Debug|iPhone.Deploy.0 = Debug|Any CPU
		{290B3DE1-AEE0-4794-ADBD-C4B3C1B7B5EB}.Debug|iPhoneSimulator.ActiveCfg = Debug|Any CPU
		{290B3DE1-AEE0-4794-ADBD-C4B3C1B7B5EB}.Debug|iPhoneSimulator.Build.0 = Debug|Any CPU
		{290B3DE1-AEE0-4794-ADBD-C4B3C1B7B5EB}.Debug|iPhoneSimulator.Deploy.0 = Debug|Any CPU
		{290B3DE1-AEE0-4794-ADBD-C4B3C1B7B5EB}.Debug|x64.ActiveCfg = Debug|Any CPU
		{290B3DE1-AEE0-4794-ADBD-C4B3C1B7B5EB}.Debug|x64.Build.0 = Debug|Any CPU
		{290B3DE1-AEE0-4794-ADBD-C4B3C1B7B5EB}.Debug|x64.Deploy.0 = Debug|Any CPU
		{290B3DE1-AEE0-4794-ADBD-C4B3C1B7B5EB}.Debug|x86.ActiveCfg = Debug|Any CPU
		{290B3DE1-AEE0-4794-ADBD-C4B3C1B7B5EB}.Debug|x86.Build.0 = Debug|Any CPU
		{290B3DE1-AEE0-4794-ADBD-C4B3C1B7B5EB}.Debug|x86.Deploy.0 = Debug|Any CPU
		{290B3DE1-AEE0-4794-ADBD-C4B3C1B7B5EB}.Release|Any CPU.ActiveCfg = Release|Any CPU
		{290B3DE1-AEE0-4794-ADBD-C4B3C1B7B5EB}.Release|Any CPU.Build.0 = Release|Any CPU
		{290B3DE1-AEE0-4794-ADBD-C4B3C1B7B5EB}.Release|Any CPU.Deploy.0 = Release|Any CPU
		{290B3DE1-AEE0-4794-ADBD-C4B3C1B7B5EB}.Release|ARM.ActiveCfg = Release|Any CPU
		{290B3DE1-AEE0-4794-ADBD-C4B3C1B7B5EB}.Release|ARM.Build.0 = Release|Any CPU
		{290B3DE1-AEE0-4794-ADBD-C4B3C1B7B5EB}.Release|ARM.Deploy.0 = Release|Any CPU
		{290B3DE1-AEE0-4794-ADBD-C4B3C1B7B5EB}.Release|iPhone.ActiveCfg = Release|Any CPU
		{290B3DE1-AEE0-4794-ADBD-C4B3C1B7B5EB}.Release|iPhone.Build.0 = Release|Any CPU
		{290B3DE1-AEE0-4794-ADBD-C4B3C1B7B5EB}.Release|iPhone.Deploy.0 = Release|Any CPU
		{290B3DE1-AEE0-4794-ADBD-C4B3C1B7B5EB}.Release|iPhoneSimulator.ActiveCfg = Release|Any CPU
		{290B3DE1-AEE0-4794-ADBD-C4B3C1B7B5EB}.Release|iPhoneSimulator.Build.0 = Release|Any CPU
		{290B3DE1-AEE0-4794-ADBD-C4B3C1B7B5EB}.Release|iPhoneSimulator.Deploy.0 = Release|Any CPU
		{290B3DE1-AEE0-4794-ADBD-C4B3C1B7B5EB}.Release|x64.ActiveCfg = Release|Any CPU
		{290B3DE1-AEE0-4794-ADBD-C4B3C1B7B5EB}.Release|x64.Build.0 = Release|Any CPU
		{290B3DE1-AEE0-4794-ADBD-C4B3C1B7B5EB}.Release|x64.Deploy.0 = Release|Any CPU
		{290B3DE1-AEE0-4794-ADBD-C4B3C1B7B5EB}.Release|x86.ActiveCfg = Release|Any CPU
		{290B3DE1-AEE0-4794-ADBD-C4B3C1B7B5EB}.Release|x86.Build.0 = Release|Any CPU
		{290B3DE1-AEE0-4794-ADBD-C4B3C1B7B5EB}.Release|x86.Deploy.0 = Release|Any CPU
		{5D34C6BE-9100-4E82-B3D9-7F05704084EA}.Debug|Any CPU.ActiveCfg = Debug|iPhoneSimulator
		{5D34C6BE-9100-4E82-B3D9-7F05704084EA}.Debug|Any CPU.Build.0 = Debug|iPhoneSimulator
		{5D34C6BE-9100-4E82-B3D9-7F05704084EA}.Debug|Any CPU.Deploy.0 = Debug|iPhoneSimulator
		{5D34C6BE-9100-4E82-B3D9-7F05704084EA}.Debug|ARM.ActiveCfg = Debug|iPhone
		{5D34C6BE-9100-4E82-B3D9-7F05704084EA}.Debug|ARM.Build.0 = Debug|iPhone
		{5D34C6BE-9100-4E82-B3D9-7F05704084EA}.Debug|ARM.Deploy.0 = Debug|iPhone
		{5D34C6BE-9100-4E82-B3D9-7F05704084EA}.Debug|iPhone.ActiveCfg = Debug|iPhone
		{5D34C6BE-9100-4E82-B3D9-7F05704084EA}.Debug|iPhone.Build.0 = Debug|iPhone
		{5D34C6BE-9100-4E82-B3D9-7F05704084EA}.Debug|iPhone.Deploy.0 = Debug|iPhone
		{5D34C6BE-9100-4E82-B3D9-7F05704084EA}.Debug|iPhoneSimulator.ActiveCfg = Debug|iPhoneSimulator
		{5D34C6BE-9100-4E82-B3D9-7F05704084EA}.Debug|iPhoneSimulator.Build.0 = Debug|iPhoneSimulator
		{5D34C6BE-9100-4E82-B3D9-7F05704084EA}.Debug|iPhoneSimulator.Deploy.0 = Debug|iPhoneSimulator
		{5D34C6BE-9100-4E82-B3D9-7F05704084EA}.Debug|x64.ActiveCfg = Debug|iPhoneSimulator
		{5D34C6BE-9100-4E82-B3D9-7F05704084EA}.Debug|x64.Build.0 = Debug|iPhoneSimulator
		{5D34C6BE-9100-4E82-B3D9-7F05704084EA}.Debug|x64.Deploy.0 = Debug|iPhoneSimulator
		{5D34C6BE-9100-4E82-B3D9-7F05704084EA}.Debug|x86.ActiveCfg = Debug|iPhoneSimulator
		{5D34C6BE-9100-4E82-B3D9-7F05704084EA}.Debug|x86.Build.0 = Debug|iPhoneSimulator
		{5D34C6BE-9100-4E82-B3D9-7F05704084EA}.Debug|x86.Deploy.0 = Debug|iPhoneSimulator
		{5D34C6BE-9100-4E82-B3D9-7F05704084EA}.Release|Any CPU.ActiveCfg = Release|iPhoneSimulator
		{5D34C6BE-9100-4E82-B3D9-7F05704084EA}.Release|Any CPU.Build.0 = Release|iPhoneSimulator
		{5D34C6BE-9100-4E82-B3D9-7F05704084EA}.Release|Any CPU.Deploy.0 = Release|iPhoneSimulator
		{5D34C6BE-9100-4E82-B3D9-7F05704084EA}.Release|ARM.ActiveCfg = Release|iPhoneSimulator
		{5D34C6BE-9100-4E82-B3D9-7F05704084EA}.Release|ARM.Build.0 = Release|iPhoneSimulator
		{5D34C6BE-9100-4E82-B3D9-7F05704084EA}.Release|ARM.Deploy.0 = Release|iPhoneSimulator
		{5D34C6BE-9100-4E82-B3D9-7F05704084EA}.Release|iPhone.ActiveCfg = Release|iPhone
		{5D34C6BE-9100-4E82-B3D9-7F05704084EA}.Release|iPhone.Build.0 = Release|iPhone
		{5D34C6BE-9100-4E82-B3D9-7F05704084EA}.Release|iPhone.Deploy.0 = Release|iPhone
		{5D34C6BE-9100-4E82-B3D9-7F05704084EA}.Release|iPhoneSimulator.ActiveCfg = Release|iPhoneSimulator
		{5D34C6BE-9100-4E82-B3D9-7F05704084EA}.Release|iPhoneSimulator.Build.0 = Release|iPhoneSimulator
		{5D34C6BE-9100-4E82-B3D9-7F05704084EA}.Release|iPhoneSimulator.Deploy.0 = Release|iPhoneSimulator
		{5D34C6BE-9100-4E82-B3D9-7F05704084EA}.Release|x64.ActiveCfg = Release|iPhoneSimulator
		{5D34C6BE-9100-4E82-B3D9-7F05704084EA}.Release|x64.Build.0 = Release|iPhoneSimulator
		{5D34C6BE-9100-4E82-B3D9-7F05704084EA}.Release|x64.Deploy.0 = Release|iPhoneSimulator
		{5D34C6BE-9100-4E82-B3D9-7F05704084EA}.Release|x86.ActiveCfg = Release|iPhoneSimulator
		{5D34C6BE-9100-4E82-B3D9-7F05704084EA}.Release|x86.Build.0 = Release|iPhoneSimulator
		{5D34C6BE-9100-4E82-B3D9-7F05704084EA}.Release|x86.Deploy.0 = Release|iPhoneSimulator
		{BF649C04-657E-4061-A8CA-B66D749D892F}.Debug|Any CPU.ActiveCfg = Debug|Any CPU
		{BF649C04-657E-4061-A8CA-B66D749D892F}.Debug|Any CPU.Build.0 = Debug|Any CPU
		{BF649C04-657E-4061-A8CA-B66D749D892F}.Debug|Any CPU.Deploy.0 = Debug|Any CPU
		{BF649C04-657E-4061-A8CA-B66D749D892F}.Debug|ARM.ActiveCfg = Debug|Any CPU
		{BF649C04-657E-4061-A8CA-B66D749D892F}.Debug|ARM.Build.0 = Debug|Any CPU
		{BF649C04-657E-4061-A8CA-B66D749D892F}.Debug|ARM.Deploy.0 = Debug|Any CPU
		{BF649C04-657E-4061-A8CA-B66D749D892F}.Debug|iPhone.ActiveCfg = Debug|Any CPU
		{BF649C04-657E-4061-A8CA-B66D749D892F}.Debug|iPhone.Build.0 = Debug|Any CPU
		{BF649C04-657E-4061-A8CA-B66D749D892F}.Debug|iPhone.Deploy.0 = Debug|Any CPU
		{BF649C04-657E-4061-A8CA-B66D749D892F}.Debug|iPhoneSimulator.ActiveCfg = Debug|Any CPU
		{BF649C04-657E-4061-A8CA-B66D749D892F}.Debug|iPhoneSimulator.Build.0 = Debug|Any CPU
		{BF649C04-657E-4061-A8CA-B66D749D892F}.Debug|iPhoneSimulator.Deploy.0 = Debug|Any CPU
		{BF649C04-657E-4061-A8CA-B66D749D892F}.Debug|x64.ActiveCfg = Debug|Any CPU
		{BF649C04-657E-4061-A8CA-B66D749D892F}.Debug|x64.Build.0 = Debug|Any CPU
		{BF649C04-657E-4061-A8CA-B66D749D892F}.Debug|x64.Deploy.0 = Debug|Any CPU
		{BF649C04-657E-4061-A8CA-B66D749D892F}.Debug|x86.ActiveCfg = Debug|Any CPU
		{BF649C04-657E-4061-A8CA-B66D749D892F}.Debug|x86.Build.0 = Debug|Any CPU
		{BF649C04-657E-4061-A8CA-B66D749D892F}.Debug|x86.Deploy.0 = Debug|Any CPU
		{BF649C04-657E-4061-A8CA-B66D749D892F}.Release|Any CPU.ActiveCfg = Release|Any CPU
		{BF649C04-657E-4061-A8CA-B66D749D892F}.Release|Any CPU.Build.0 = Release|Any CPU
		{BF649C04-657E-4061-A8CA-B66D749D892F}.Release|Any CPU.Deploy.0 = Release|Any CPU
		{BF649C04-657E-4061-A8CA-B66D749D892F}.Release|ARM.ActiveCfg = Release|Any CPU
		{BF649C04-657E-4061-A8CA-B66D749D892F}.Release|ARM.Build.0 = Release|Any CPU
		{BF649C04-657E-4061-A8CA-B66D749D892F}.Release|ARM.Deploy.0 = Release|Any CPU
		{BF649C04-657E-4061-A8CA-B66D749D892F}.Release|iPhone.ActiveCfg = Release|Any CPU
		{BF649C04-657E-4061-A8CA-B66D749D892F}.Release|iPhone.Build.0 = Release|Any CPU
		{BF649C04-657E-4061-A8CA-B66D749D892F}.Release|iPhone.Deploy.0 = Release|Any CPU
		{BF649C04-657E-4061-A8CA-B66D749D892F}.Release|iPhoneSimulator.ActiveCfg = Release|Any CPU
		{BF649C04-657E-4061-A8CA-B66D749D892F}.Release|iPhoneSimulator.Build.0 = Release|Any CPU
		{BF649C04-657E-4061-A8CA-B66D749D892F}.Release|iPhoneSimulator.Deploy.0 = Release|Any CPU
		{BF649C04-657E-4061-A8CA-B66D749D892F}.Release|x64.ActiveCfg = Release|Any CPU
		{BF649C04-657E-4061-A8CA-B66D749D892F}.Release|x64.Build.0 = Release|Any CPU
		{BF649C04-657E-4061-A8CA-B66D749D892F}.Release|x64.Deploy.0 = Release|Any CPU
		{BF649C04-657E-4061-A8CA-B66D749D892F}.Release|x86.ActiveCfg = Release|Any CPU
		{BF649C04-657E-4061-A8CA-B66D749D892F}.Release|x86.Build.0 = Release|Any CPU
		{BF649C04-657E-4061-A8CA-B66D749D892F}.Release|x86.Deploy.0 = Release|Any CPU
	EndGlobalSection
	GlobalSection(SolutionProperties) = preSolution
		HideSolutionNode = FALSE
	EndGlobalSection
	GlobalSection(ExtensibilityGlobals) = postSolution
		SolutionGuid = {43B9D57A-D2CA-42A4-B07D-AAD555500A1A}
	EndGlobalSection
EndGlobal
