
Microsoft Visual Studio Solution File, Format Version 12.00
# Visual Studio Version 16
VisualStudioVersion = 16.0.30611.23
MinimumVisualStudioVersion = 10.0.40219.1
Project("{FAE04EC0-301F-11D3-BF4B-00C04F79EFBC}") = "CalculadoraPicker.UWP", "CalculadoraPicker\CalculadoraPicker.UWP\CalculadoraPicker.UWP.csproj", "{4AA35D5A-08BD-442E-AC47-1E00CE8B7835}"
EndProject
Project("{FAE04EC0-301F-11D3-BF4B-00C04F79EFBC}") = "CalculadoraPicker.Android", "CalculadoraPicker\CalculadoraPicker.Android\CalculadoraPicker.Android.csproj", "{D4D60C2B-1033-4D57-AF76-615EBF0DB284}"
EndProject
Project("{FAE04EC0-301F-11D3-BF4B-00C04F79EFBC}") = "CalculadoraPicker.iOS", "CalculadoraPicker\CalculadoraPicker.iOS\CalculadoraPicker.iOS.csproj", "{4A3060C9-F424-402A-9ADF-840DE3BE5535}"
EndProject
Project("{FAE04EC0-301F-11D3-BF4B-00C04F79EFBC}") = "CalculadoraPicker", "CalculadoraPicker\CalculadoraPicker\CalculadoraPicker.csproj", "{431030D4-332C-482B-9633-A6746360E48B}"
EndProject
Global
	GlobalSection(SolutionConfigurationPlatforms) = preSolution
		Debug|Any CPU = Debug|Any CPU
		Debug|ARM = Debug|ARM
		Debug|iPhone = Debug|iPhone
		Debug|iPhoneSimulator = Debug|iPhoneSimulator
		Debug|x64 = Debug|x64
		Debug|x86 = Debug|x86
		Release|Any CPU = Release|Any CPU
		Release|ARM = Release|ARM
		Release|iPhone = Release|iPhone
		Release|iPhoneSimulator = Release|iPhoneSimulator
		Release|x64 = Release|x64
		Release|x86 = Release|x86
	EndGlobalSection
	GlobalSection(ProjectConfigurationPlatforms) = postSolution
		{4AA35D5A-08BD-442E-AC47-1E00CE8B7835}.Debug|Any CPU.ActiveCfg = Debug|x86
		{4AA35D5A-08BD-442E-AC47-1E00CE8B7835}.Debug|Any CPU.Build.0 = Debug|x86
		{4AA35D5A-08BD-442E-AC47-1E00CE8B7835}.Debug|Any CPU.Deploy.0 = Debug|x86
		{4AA35D5A-08BD-442E-AC47-1E00CE8B7835}.Debug|ARM.ActiveCfg = Debug|ARM
		{4AA35D5A-08BD-442E-AC47-1E00CE8B7835}.Debug|ARM.Build.0 = Debug|ARM
		{4AA35D5A-08BD-442E-AC47-1E00CE8B7835}.Debug|ARM.Deploy.0 = Debug|ARM
		{4AA35D5A-08BD-442E-AC47-1E00CE8B7835}.Debug|iPhone.ActiveCfg = Debug|x86
		{4AA35D5A-08BD-442E-AC47-1E00CE8B7835}.Debug|iPhone.Build.0 = Debug|x86
		{4AA35D5A-08BD-442E-AC47-1E00CE8B7835}.Debug|iPhone.Deploy.0 = Debug|x86
		{4AA35D5A-08BD-442E-AC47-1E00CE8B7835}.Debug|iPhoneSimulator.ActiveCfg = Debug|x86
		{4AA35D5A-08BD-442E-AC47-1E00CE8B7835}.Debug|iPhoneSimulator.Build.0 = Debug|x86
		{4AA35D5A-08BD-442E-AC47-1E00CE8B7835}.Debug|iPhoneSimulator.Deploy.0 = Debug|x86
		{4AA35D5A-08BD-442E-AC47-1E00CE8B7835}.Debug|x64.ActiveCfg = Debug|x64
		{4AA35D5A-08BD-442E-AC47-1E00CE8B7835}.Debug|x64.Build.0 = Debug|x64
		{4AA35D5A-08BD-442E-AC47-1E00CE8B7835}.Debug|x64.Deploy.0 = Debug|x64
		{4AA35D5A-08BD-442E-AC47-1E00CE8B7835}.Debug|x86.ActiveCfg = Debug|x86
		{4AA35D5A-08BD-442E-AC47-1E00CE8B7835}.Debug|x86.Build.0 = Debug|x86
		{4AA35D5A-08BD-442E-AC47-1E00CE8B7835}.Debug|x86.Deploy.0 = Debug|x86
		{4AA35D5A-08BD-442E-AC47-1E00CE8B7835}.Release|Any CPU.ActiveCfg = Release|x86
		{4AA35D5A-08BD-442E-AC47-1E00CE8B7835}.Release|Any CPU.Build.0 = Release|x86
		{4AA35D5A-08BD-442E-AC47-1E00CE8B7835}.Release|Any CPU.Deploy.0 = Release|x86
		{4AA35D5A-08BD-442E-AC47-1E00CE8B7835}.Release|ARM.ActiveCfg = Release|ARM
		{4AA35D5A-08BD-442E-AC47-1E00CE8B7835}.Release|ARM.Build.0 = Release|ARM
		{4AA35D5A-08BD-442E-AC47-1E00CE8B7835}.Release|ARM.Deploy.0 = Release|ARM
		{4AA35D5A-08BD-442E-AC47-1E00CE8B7835}.Release|iPhone.ActiveCfg = Release|x86
		{4AA35D5A-08BD-442E-AC47-1E00CE8B7835}.Release|iPhone.Build.0 = Release|x86
		{4AA35D5A-08BD-442E-AC47-1E00CE8B7835}.Release|iPhone.Deploy.0 = Release|x86
		{4AA35D5A-08BD-442E-AC47-1E00CE8B7835}.Release|iPhoneSimulator.ActiveCfg = Release|x86
		{4AA35D5A-08BD-442E-AC47-1E00CE8B7835}.Release|iPhoneSimulator.Build.0 = Release|x86
		{4AA35D5A-08BD-442E-AC47-1E00CE8B7835}.Release|iPhoneSimulator.Deploy.0 = Release|x86
		{4AA35D5A-08BD-442E-AC47-1E00CE8B7835}.Release|x64.ActiveCfg = Release|x64
		{4AA35D5A-08BD-442E-AC47-1E00CE8B7835}.Release|x64.Build.0 = Release|x64
		{4AA35D5A-08BD-442E-AC47-1E00CE8B7835}.Release|x64.Deploy.0 = Release|x64
		{4AA35D5A-08BD-442E-AC47-1E00CE8B7835}.Release|x86.ActiveCfg = Release|x86
		{4AA35D5A-08BD-442E-AC47-1E00CE8B7835}.Release|x86.Build.0 = Release|x86
		{4AA35D5A-08BD-442E-AC47-1E00CE8B7835}.Release|x86.Deploy.0 = Release|x86
		{D4D60C2B-1033-4D57-AF76-615EBF0DB284}.Debug|Any CPU.ActiveCfg = Debug|Any CPU
		{D4D60C2B-1033-4D57-AF76-615EBF0DB284}.Debug|Any CPU.Build.0 = Debug|Any CPU
		{D4D60C2B-1033-4D57-AF76-615EBF0DB284}.Debug|Any CPU.Deploy.0 = Debug|Any CPU
		{D4D60C2B-1033-4D57-AF76-615EBF0DB284}.Debug|ARM.ActiveCfg = Debug|Any CPU
		{D4D60C2B-1033-4D57-AF76-615EBF0DB284}.Debug|ARM.Build.0 = Debug|Any CPU
		{D4D60C2B-1033-4D57-AF76-615EBF0DB284}.Debug|ARM.Deploy.0 = Debug|Any CPU
		{D4D60C2B-1033-4D57-AF76-615EBF0DB284}.Debug|iPhone.ActiveCfg = Debug|Any CPU
		{D4D60C2B-1033-4D57-AF76-615EBF0DB284}.Debug|iPhone.Build.0 = Debug|Any CPU
		{D4D60C2B-1033-4D57-AF76-615EBF0DB284}.Debug|iPhone.Deploy.0 = Debug|Any CPU
		{D4D60C2B-1033-4D57-AF76-615EBF0DB284}.Debug|iPhoneSimulator.ActiveCfg = Debug|Any CPU
		{D4D60C2B-1033-4D57-AF76-615EBF0DB284}.Debug|iPhoneSimulator.Build.0 = Debug|Any CPU
		{D4D60C2B-1033-4D57-AF76-615EBF0DB284}.Debug|iPhoneSimulator.Deploy.0 = Debug|Any CPU
		{D4D60C2B-1033-4D57-AF76-615EBF0DB284}.Debug|x64.ActiveCfg = Debug|Any CPU
		{D4D60C2B-1033-4D57-AF76-615EBF0DB284}.Debug|x64.Build.0 = Debug|Any CPU
		{D4D60C2B-1033-4D57-AF76-615EBF0DB284}.Debug|x64.Deploy.0 = Debug|Any CPU
		{D4D60C2B-1033-4D57-AF76-615EBF0DB284}.Debug|x86.ActiveCfg = Debug|Any CPU
		{D4D60C2B-1033-4D57-AF76-615EBF0DB284}.Debug|x86.Build.0 = Debug|Any CPU
		{D4D60C2B-1033-4D57-AF76-615EBF0DB284}.Debug|x86.Deploy.0 = Debug|Any CPU
		{D4D60C2B-1033-4D57-AF76-615EBF0DB284}.Release|Any CPU.ActiveCfg = Release|Any CPU
		{D4D60C2B-1033-4D57-AF76-615EBF0DB284}.Release|Any CPU.Build.0 = Release|Any CPU
		{D4D60C2B-1033-4D57-AF76-615EBF0DB284}.Release|Any CPU.Deploy.0 = Release|Any CPU
		{D4D60C2B-1033-4D57-AF76-615EBF0DB284}.Release|ARM.ActiveCfg = Release|Any CPU
		{D4D60C2B-1033-4D57-AF76-615EBF0DB284}.Release|ARM.Build.0 = Release|Any CPU
		{D4D60C2B-1033-4D57-AF76-615EBF0DB284}.Release|ARM.Deploy.0 = Release|Any CPU
		{D4D60C2B-1033-4D57-AF76-615EBF0DB284}.Release|iPhone.ActiveCfg = Release|Any CPU
		{D4D60C2B-1033-4D57-AF76-615EBF0DB284}.Release|iPhone.Build.0 = Release|Any CPU
		{D4D60C2B-1033-4D57-AF76-615EBF0DB284}.Release|iPhone.Deploy.0 = Release|Any CPU
		{D4D60C2B-1033-4D57-AF76-615EBF0DB284}.Release|iPhoneSimulator.ActiveCfg = Release|Any CPU
		{D4D60C2B-1033-4D57-AF76-615EBF0DB284}.Release|iPhoneSimulator.Build.0 = Release|Any CPU
		{D4D60C2B-1033-4D57-AF76-615EBF0DB284}.Release|iPhoneSimulator.Deploy.0 = Release|Any CPU
		{D4D60C2B-1033-4D57-AF76-615EBF0DB284}.Release|x64.ActiveCfg = Release|Any CPU
		{D4D60C2B-1033-4D57-AF76-615EBF0DB284}.Release|x64.Build.0 = Release|Any CPU
		{D4D60C2B-1033-4D57-AF76-615EBF0DB284}.Release|x64.Deploy.0 = Release|Any CPU
		{D4D60C2B-1033-4D57-AF76-615EBF0DB284}.Release|x86.ActiveCfg = Release|Any CPU
		{D4D60C2B-1033-4D57-AF76-615EBF0DB284}.Release|x86.Build.0 = Release|Any CPU
		{D4D60C2B-1033-4D57-AF76-615EBF0DB284}.Release|x86.Deploy.0 = Release|Any CPU
		{4A3060C9-F424-402A-9ADF-840DE3BE5535}.Debug|Any CPU.ActiveCfg = Debug|iPhoneSimulator
		{4A3060C9-F424-402A-9ADF-840DE3BE5535}.Debug|Any CPU.Build.0 = Debug|iPhoneSimulator
		{4A3060C9-F424-402A-9ADF-840DE3BE5535}.Debug|Any CPU.Deploy.0 = Debug|iPhoneSimulator
		{4A3060C9-F424-402A-9ADF-840DE3BE5535}.Debug|ARM.ActiveCfg = Debug|iPhone
		{4A3060C9-F424-402A-9ADF-840DE3BE5535}.Debug|ARM.Build.0 = Debug|iPhone
		{4A3060C9-F424-402A-9ADF-840DE3BE5535}.Debug|ARM.Deploy.0 = Debug|iPhone
		{4A3060C9-F424-402A-9ADF-840DE3BE5535}.Debug|iPhone.ActiveCfg = Debug|iPhone
		{4A3060C9-F424-402A-9ADF-840DE3BE5535}.Debug|iPhone.Build.0 = Debug|iPhone
		{4A3060C9-F424-402A-9ADF-840DE3BE5535}.Debug|iPhone.Deploy.0 = Debug|iPhone
		{4A3060C9-F424-402A-9ADF-840DE3BE5535}.Debug|iPhoneSimulator.ActiveCfg = Debug|iPhoneSimulator
		{4A3060C9-F424-402A-9ADF-840DE3BE5535}.Debug|iPhoneSimulator.Build.0 = Debug|iPhoneSimulator
		{4A3060C9-F424-402A-9ADF-840DE3BE5535}.Debug|iPhoneSimulator.Deploy.0 = Debug|iPhoneSimulator
		{4A3060C9-F424-402A-9ADF-840DE3BE5535}.Debug|x64.ActiveCfg = Debug|iPhoneSimulator
		{4A3060C9-F424-402A-9ADF-840DE3BE5535}.Debug|x64.Build.0 = Debug|iPhoneSimulator
		{4A3060C9-F424-402A-9ADF-840DE3BE5535}.Debug|x64.Deploy.0 = Debug|iPhoneSimulator
		{4A3060C9-F424-402A-9ADF-840DE3BE5535}.Debug|x86.ActiveCfg = Debug|iPhoneSimulator
		{4A3060C9-F424-402A-9ADF-840DE3BE5535}.Debug|x86.Build.0 = Debug|iPhoneSimulator
		{4A3060C9-F424-402A-9ADF-840DE3BE5535}.Debug|x86.Deploy.0 = Debug|iPhoneSimulator
		{4A3060C9-F424-402A-9ADF-840DE3BE5535}.Release|Any CPU.ActiveCfg = Release|iPhoneSimulator
		{4A3060C9-F424-402A-9ADF-840DE3BE5535}.Release|Any CPU.Build.0 = Release|iPhoneSimulator
		{4A3060C9-F424-402A-9ADF-840DE3BE5535}.Release|Any CPU.Deploy.0 = Release|iPhoneSimulator
		{4A3060C9-F424-402A-9ADF-840DE3BE5535}.Release|ARM.ActiveCfg = Release|iPhoneSimulator
		{4A3060C9-F424-402A-9ADF-840DE3BE5535}.Release|ARM.Build.0 = Release|iPhoneSimulator
		{4A3060C9-F424-402A-9ADF-840DE3BE5535}.Release|ARM.Deploy.0 = Release|iPhoneSimulator
		{4A3060C9-F424-402A-9ADF-840DE3BE5535}.Release|iPhone.ActiveCfg = Release|iPhone
		{4A3060C9-F424-402A-9ADF-840DE3BE5535}.Release|iPhone.Build.0 = Release|iPhone
		{4A3060C9-F424-402A-9ADF-840DE3BE5535}.Release|iPhone.Deploy.0 = Release|iPhone
		{4A3060C9-F424-402A-9ADF-840DE3BE5535}.Release|iPhoneSimulator.ActiveCfg = Release|iPhoneSimulator
		{4A3060C9-F424-402A-9ADF-840DE3BE5535}.Release|iPhoneSimulator.Build.0 = Release|iPhoneSimulator
		{4A3060C9-F424-402A-9ADF-840DE3BE5535}.Release|iPhoneSimulator.Deploy.0 = Release|iPhoneSimulator
		{4A3060C9-F424-402A-9ADF-840DE3BE5535}.Release|x64.ActiveCfg = Release|iPhoneSimulator
		{4A3060C9-F424-402A-9ADF-840DE3BE5535}.Release|x64.Build.0 = Release|iPhoneSimulator
		{4A3060C9-F424-402A-9ADF-840DE3BE5535}.Release|x64.Deploy.0 = Release|iPhoneSimulator
		{4A3060C9-F424-402A-9ADF-840DE3BE5535}.Release|x86.ActiveCfg = Release|iPhoneSimulator
		{4A3060C9-F424-402A-9ADF-840DE3BE5535}.Release|x86.Build.0 = Release|iPhoneSimulator
		{4A3060C9-F424-402A-9ADF-840DE3BE5535}.Release|x86.Deploy.0 = Release|iPhoneSimulator
		{431030D4-332C-482B-9633-A6746360E48B}.Debug|Any CPU.ActiveCfg = Debug|Any CPU
		{431030D4-332C-482B-9633-A6746360E48B}.Debug|Any CPU.Build.0 = Debug|Any CPU
		{431030D4-332C-482B-9633-A6746360E48B}.Debug|Any CPU.Deploy.0 = Debug|Any CPU
		{431030D4-332C-482B-9633-A6746360E48B}.Debug|ARM.ActiveCfg = Debug|Any CPU
		{431030D4-332C-482B-9633-A6746360E48B}.Debug|ARM.Build.0 = Debug|Any CPU
		{431030D4-332C-482B-9633-A6746360E48B}.Debug|ARM.Deploy.0 = Debug|Any CPU
		{431030D4-332C-482B-9633-A6746360E48B}.Debug|iPhone.ActiveCfg = Debug|Any CPU
		{431030D4-332C-482B-9633-A6746360E48B}.Debug|iPhone.Build.0 = Debug|Any CPU
		{431030D4-332C-482B-9633-A6746360E48B}.Debug|iPhone.Deploy.0 = Debug|Any CPU
		{431030D4-332C-482B-9633-A6746360E48B}.Debug|iPhoneSimulator.ActiveCfg = Debug|Any CPU
		{431030D4-332C-482B-9633-A6746360E48B}.Debug|iPhoneSimulator.Build.0 = Debug|Any CPU
		{431030D4-332C-482B-9633-A6746360E48B}.Debug|iPhoneSimulator.Deploy.0 = Debug|Any CPU
		{431030D4-332C-482B-9633-A6746360E48B}.Debug|x64.ActiveCfg = Debug|Any CPU
		{431030D4-332C-482B-9633-A6746360E48B}.Debug|x64.Build.0 = Debug|Any CPU
		{431030D4-332C-482B-9633-A6746360E48B}.Debug|x64.Deploy.0 = Debug|Any CPU
		{431030D4-332C-482B-9633-A6746360E48B}.Debug|x86.ActiveCfg = Debug|Any CPU
		{431030D4-332C-482B-9633-A6746360E48B}.Debug|x86.Build.0 = Debug|Any CPU
		{431030D4-332C-482B-9633-A6746360E48B}.Debug|x86.Deploy.0 = Debug|Any CPU
		{431030D4-332C-482B-9633-A6746360E48B}.Release|Any CPU.ActiveCfg = Release|Any CPU
		{431030D4-332C-482B-9633-A6746360E48B}.Release|Any CPU.Build.0 = Release|Any CPU
		{431030D4-332C-482B-9633-A6746360E48B}.Release|Any CPU.Deploy.0 = Release|Any CPU
		{431030D4-332C-482B-9633-A6746360E48B}.Release|ARM.ActiveCfg = Release|Any CPU
		{431030D4-332C-482B-9633-A6746360E48B}.Release|ARM.Build.0 = Release|Any CPU
		{431030D4-332C-482B-9633-A6746360E48B}.Release|ARM.Deploy.0 = Release|Any CPU
		{431030D4-332C-482B-9633-A6746360E48B}.Release|iPhone.ActiveCfg = Release|Any CPU
		{431030D4-332C-482B-9633-A6746360E48B}.Release|iPhone.Build.0 = Release|Any CPU
		{431030D4-332C-482B-9633-A6746360E48B}.Release|iPhone.Deploy.0 = Release|Any CPU
		{431030D4-332C-482B-9633-A6746360E48B}.Release|iPhoneSimulator.ActiveCfg = Release|Any CPU
		{431030D4-332C-482B-9633-A6746360E48B}.Release|iPhoneSimulator.Build.0 = Release|Any CPU
		{431030D4-332C-482B-9633-A6746360E48B}.Release|iPhoneSimulator.Deploy.0 = Release|Any CPU
		{431030D4-332C-482B-9633-A6746360E48B}.Release|x64.ActiveCfg = Release|Any CPU
		{431030D4-332C-482B-9633-A6746360E48B}.Release|x64.Build.0 = Release|Any CPU
		{431030D4-332C-482B-9633-A6746360E48B}.Release|x64.Deploy.0 = Release|Any CPU
		{431030D4-332C-482B-9633-A6746360E48B}.Release|x86.ActiveCfg = Release|Any CPU
		{431030D4-332C-482B-9633-A6746360E48B}.Release|x86.Build.0 = Release|Any CPU
		{431030D4-332C-482B-9633-A6746360E48B}.Release|x86.Deploy.0 = Release|Any CPU
	EndGlobalSection
	GlobalSection(SolutionProperties) = preSolution
		HideSolutionNode = FALSE
	EndGlobalSection
	GlobalSection(ExtensibilityGlobals) = postSolution
		SolutionGuid = {C05F0E6D-EABA-44F3-8C31-5D7517A4BBFF}
	EndGlobalSection
EndGlobal
